<?xml version="1.0" encoding="utf-8"?>
<Project ToolsVersion="4.0" xmlns="http://schemas.microsoft.com/developer/msbuild/2003">
  <ItemGroup>
    <Filter Include="ソース ファイル">
      <UniqueIdentifier>{4FC737F1-C7A5-4376-A066-2A32D752A2FF}</UniqueIdentifier>
      <Extensions>cpp;c;cc;cxx;def;odl;idl;hpj;bat;asm;asmx</Extensions>
    </Filter>
    <Filter Include="ヘッダー ファイル">
      <UniqueIdentifier>{93995380-89BD-4b04-88EB-625FBE52EBFB}</UniqueIdentifier>
      <Extensions>h;hh;hpp;hxx;hm;inl;inc;xsd</Extensions>
    </Filter>
    <Filter Include="リソース ファイル">
      <UniqueIdentifier>{67DA6AB6-F800-4c08-8B7A-83BB121AAD01}</UniqueIdentifier>
      <Extensions>rc;ico;cur;bmp;dlg;rc2;rct;bin;rgs;gif;jpg;jpeg;jpe;resx;tiff;tif;png;wav;mfcribbon-ms</Extensions>
    </Filter>
    <Filter Include="ソース ファイル\spine">
      <UniqueIdentifier>{3b5b4ab6-7810-4a76-a9a7-88bf1d951d0b}</UniqueIdentifier>
    </Filter>
  </ItemGroup>
  <ItemGroup>
    <ClInclude Include="stdafx.h">
      <Filter>ヘッダー ファイル</Filter>
    </ClInclude>
  </ItemGroup>
  <ItemGroup>
    <ClCompile Include="stdafx.cpp">
      <Filter>ソース ファイル</Filter>
    </ClCompile>
    <ClCompile Include="main.cpp">
      <Filter>ソース ファイル</Filter>
    </ClCompile>
    <ClCompile Include="spine-c\src\spine\Animation.c">
      <Filter>ソース ファイル\spine</Filter>
    </ClCompile>
    <ClCompile Include="spine-c\src\spine\AnimationState.c">
      <Filter>ソース ファイル\spine</Filter>
    </ClCompile>
    <ClCompile Include="spine-c\src\spine\AnimationStateData.c">
      <Filter>ソース ファイル\spine</Filter>
    </ClCompile>
    <ClCompile Include="spine-c\src\spine\Array.c">
      <Filter>ソース ファイル\spine</Filter>
    </ClCompile>
    <ClCompile Include="spine-c\src\spine\Atlas.c">
      <Filter>ソース ファイル\spine</Filter>
    </ClCompile>
    <ClCompile Include="spine-c\src\spine\AtlasAttachmentLoader.c">
      <Filter>ソース ファイル\spine</Filter>
    </ClCompile>
    <ClCompile Include="spine-c\src\spine\Attachment.c">
      <Filter>ソース ファイル\spine</Filter>
    </ClCompile>
    <ClCompile Include="spine-c\src\spine\AttachmentLoader.c">
      <Filter>ソース ファイル\spine</Filter>
    </ClCompile>
    <ClCompile Include="spine-c\src\spine\Bone.c">
      <Filter>ソース ファイル\spine</Filter>
    </ClCompile>
    <ClCompile Include="spine-c\src\spine\BoneData.c">
      <Filter>ソース ファイル\spine</Filter>
    </ClCompile>
    <ClCompile Include="spine-c\src\spine\BoundingBoxAttachment.c">
      <Filter>ソース ファイル\spine</Filter>
    </ClCompile>
    <ClCompile Include="spine-c\src\spine\ClippingAttachment.c">
      <Filter>ソース ファイル\spine</Filter>
    </ClCompile>
    <ClCompile Include="spine-c\src\spine\Color.c">
      <Filter>ソース ファイル\spine</Filter>
    </ClCompile>
    <ClCompile Include="spine-c\src\spine\Event.c">
      <Filter>ソース ファイル\spine</Filter>
    </ClCompile>
    <ClCompile Include="spine-c\src\spine\EventData.c">
      <Filter>ソース ファイル\spine</Filter>
    </ClCompile>
    <ClCompile Include="spine-c\src\spine\extension.c">
      <Filter>ソース ファイル\spine</Filter>
    </ClCompile>
    <ClCompile Include="spine-c\src\spine\IkConstraint.c">
      <Filter>ソース ファイル\spine</Filter>
    </ClCompile>
    <ClCompile Include="spine-c\src\spine\IkConstraintData.c">
      <Filter>ソース ファイル\spine</Filter>
    </ClCompile>
    <ClCompile Include="spine-c\src\spine\Json.c">
      <Filter>ソース ファイル\spine</Filter>
    </ClCompile>
    <ClCompile Include="spine-c\src\spine\MeshAttachment.c">
      <Filter>ソース ファイル\spine</Filter>
    </ClCompile>
    <ClCompile Include="spine-c\src\spine\PathAttachment.c">
      <Filter>ソース ファイル\spine</Filter>
    </ClCompile>
    <ClCompile Include="spine-c\src\spine\PathConstraint.c">
      <Filter>ソース ファイル\spine</Filter>
    </ClCompile>
    <ClCompile Include="spine-c\src\spine\PathConstraintData.c">
      <Filter>ソース ファイル\spine</Filter>
    </ClCompile>
    <ClCompile Include="spine-c\src\spine\PointAttachment.c">
      <Filter>ソース ファイル\spine</Filter>
    </ClCompile>
    <ClCompile Include="spine-c\src\spine\RegionAttachment.c">
      <Filter>ソース ファイル\spine</Filter>
    </ClCompile>
    <ClCompile Include="spine-c\src\spine\Skeleton.c">
      <Filter>ソース ファイル\spine</Filter>
    </ClCompile>
    <ClCompile Include="spine-c\src\spine\SkeletonBinary.c">
      <Filter>ソース ファイル\spine</Filter>
    </ClCompile>
    <ClCompile Include="spine-c\src\spine\SkeletonBounds.c">
      <Filter>ソース ファイル\spine</Filter>
    </ClCompile>
    <ClCompile Include="spine-c\src\spine\SkeletonClipping.c">
      <Filter>ソース ファイル\spine</Filter>
    </ClCompile>
    <ClCompile Include="spine-c\src\spine\SkeletonData.c">
      <Filter>ソース ファイル\spine</Filter>
    </ClCompile>
    <ClCompile Include="spine-c\src\spine\SkeletonJson.c">
      <Filter>ソース ファイル\spine</Filter>
    </ClCompile>
    <ClCompile Include="spine-c\src\spine\Skin.c">
      <Filter>ソース ファイル\spine</Filter>
    </ClCompile>
    <ClCompile Include="spine-c\src\spine\Slot.c">
      <Filter>ソース ファイル\spine</Filter>
    </ClCompile>
    <ClCompile Include="spine-c\src\spine\SlotData.c">
      <Filter>ソース ファイル\spine</Filter>
    </ClCompile>
    <ClCompile Include="spine-c\src\spine\TransformConstraint.c">
      <Filter>ソース ファイル\spine</Filter>
    </ClCompile>
    <ClCompile Include="spine-c\src\spine\TransformConstraintData.c">
      <Filter>ソース ファイル\spine</Filter>
    </ClCompile>
    <ClCompile Include="spine-c\src\spine\Triangulator.c">
      <Filter>ソース ファイル\spine</Filter>
    </ClCompile>
    <ClCompile Include="spine-c\src\spine\VertexAttachment.c">
      <Filter>ソース ファイル\spine</Filter>
    </ClCompile>
    <ClCompile Include="spine-c\src\spine\VertexEffect.c">
      <Filter>ソース ファイル\spine</Filter>
    </ClCompile>
  </ItemGroup>
</Project>